// !$*UTF8*$!
{
	archiveVersion = 1;
	classes = {
	};
	objectVersion = 63;
	objects = {

/* Begin PBXBuildFile section */
		A1B2C3D4E5F60718293A4B7D /* FreeThoughtsApp.swift in Sources */ = {isa = PBXBuildFile; fileRef = A1B2C3D4E5F60718293A4B73 /* FreeThoughtsApp.swift */; };
		A1B2C3D4E5F60718293A4B7E /* ContentView.swift in Sources */ = {isa = PBXBuildFile; fileRef = A1B2C3D4E5F60718293A4B74 /* ContentView.swift */; };
		A1B2C3D4E5F60718293A4B7F /* AppFeature.swift in Sources */ = {isa = PBXBuildFile; fileRef = A1B2C3D4E5F60718293A4B75 /* AppFeature.swift */; };
		A1B2C3D4E5F60718293A4B80 /* DocumentFeature.swift in Sources */ = {isa = PBXBuildFile; fileRef = A1B2C3D4E5F60718293A4B76 /* DocumentFeature.swift */; };
		A1B2C3D4E5F60718293A4B81 /* NotesFeature.swift in Sources */ = {isa = PBXBuildFile; fileRef = A1B2C3D4E5F60718293A4B77 /* NotesFeature.swift */; };
		A1B2C3D4E5F60718293A4B82 /* ProvocationFeature.swift in Sources */ = {isa = PBXBuildFile; fileRef = A1B2C3D4E5F60718293A4B78 /* ProvocationFeature.swift */; };
		A1B2C3D4E5F60718293A4B83 /* Note.swift in Sources */ = {isa = PBXBuildFile; fileRef = A1B2C3D4E5F60718293A4B79 /* Note.swift */; };
		A1B2C3D4E5F60718293A4B84 /* Provocation.swift in Sources */ = {isa = PBXBuildFile; fileRef = A1B2C3D4E5F60718293A4B7A /* Provocation.swift */; };
		A1B2C3D4E5F60718293A4B85 /* ProvocationPrompt.swift in Sources */ = {isa = PBXBuildFile; fileRef = A1B2C3D4E5F60718293A4B7B /* ProvocationPrompt.swift */; };
		A1B2C3D4E5F60718293A4B86 /* DataContainer.swift in Sources */ = {isa = PBXBuildFile; fileRef = A1B2C3D4E5F60718293A4B7C /* DataContainer.swift */; };
		A1B2C3D4E5F60718293A4B89 /* ComposableArchitecture in Frameworks */ = {isa = PBXBuildFile; productRef = A1B2C3D4E5F60718293A4B88 /* ComposableArchitecture */; };
		B1B2C3D4E5F60718293A4B11 /* Document.swift in Sources */ = {isa = PBXBuildFile; fileRef = B1B2C3D4E5F60718293A4B01 /* Document.swift */; };
		B1B2C3D4E5F60718293A4B12 /* DocumentClient.swift in Sources */ = {isa = PBXBuildFile; fileRef = B1B2C3D4E5F60718293A4B02 /* DocumentClient.swift */; };
		B1B2C3D4E5F60718293A4B13 /* PDFRenderer.swift in Sources */ = {isa = PBXBuildFile; fileRef = B1B2C3D4E5F60718293A4B03 /* PDFRenderer.swift */; };
		B1B2C3D4E5F60718293A4B14 /* MarkdownRenderer.swift in Sources */ = {isa = PBXBuildFile; fileRef = B1B2C3D4E5F60718293A4B04 /* MarkdownRenderer.swift */; };
		B1B2C3D4E5F60718293A4B15 /* PlainTextRenderer.swift in Sources */ = {isa = PBXBuildFile; fileRef = B1B2C3D4E5F60718293A4B05 /* PlainTextRenderer.swift */; };
		B1B2C3D4E5F60718293A4B16 /* DocumentView.swift in Sources */ = {isa = PBXBuildFile; fileRef = B1B2C3D4E5F60718293A4B06 /* DocumentView.swift */; };
		B1B2C3D4E5F60718293A4B17 /* SelectableTextView.swift in Sources */ = {isa = PBXBuildFile; fileRef = B1B2C3D4E5F60718293A4B07 /* SelectableTextView.swift */; };
		C1B2C3D4E5F60718293A4B01 /* StatusBar.swift in Sources */ = {isa = PBXBuildFile; fileRef = C1B2C3D4E5F60718293A4B02 /* StatusBar.swift */; };
		C3B47B242F3EA37800522708 /* Media.xcassets in Resources */ = {isa = PBXBuildFile; fileRef = C3B47B232F3EA37800522708 /* Media.xcassets */; };
		C3B47B262F3EA3A700522708 /* AppIcon.icon in Resources */ = {isa = PBXBuildFile; fileRef = C3B47B252F3EA3A700522708 /* AppIcon.icon */; };
		D1B2C3D4E5F60718293A4B11 /* TextSelection.swift in Sources */ = {isa = PBXBuildFile; fileRef = D1B2C3D4E5F60718293A4B01 /* TextSelection.swift */; };
		D1B2C3D4E5F60718293A4B12 /* SelectionPopover.swift in Sources */ = {isa = PBXBuildFile; fileRef = D1B2C3D4E5F60718293A4B02 /* SelectionPopover.swift */; };
		E1B2C3D4E5F60718293A4B11 /* NotesSidebar.swift in Sources */ = {isa = PBXBuildFile; fileRef = E1B2C3D4E5F60718293A4B01 /* NotesSidebar.swift */; };
		E1B2C3D4E5F60718293A4B12 /* NoteCard.swift in Sources */ = {isa = PBXBuildFile; fileRef = E1B2C3D4E5F60718293A4B02 /* NoteCard.swift */; };
		E1B2C3D4E5F60718293A4B13 /* NoteCreationSheet.swift in Sources */ = {isa = PBXBuildFile; fileRef = E1B2C3D4E5F60718293A4B03 /* NoteCreationSheet.swift */; };
		E1B2C3D4E5F60718293A4B14 /* NotesClient.swift in Sources */ = {isa = PBXBuildFile; fileRef = E1B2C3D4E5F60718293A4B04 /* NotesClient.swift */; };
		E1B2C3D4E5F60718293A4B15 /* DefaultPrompts.json in Resources */ = {isa = PBXBuildFile; fileRef = E1B2C3D4E5F60718293A4B05 /* DefaultPrompts.json */; };
		E1B2C3D4E5F60718293A4B16 /* ProvocationPromptItem.swift in Sources */ = {isa = PBXBuildFile; fileRef = E1B2C3D4E5F60718293A4B06 /* ProvocationPromptItem.swift */; };
		E1B2C3D4E5F60718293A4B17 /* ProvocationItem.swift in Sources */ = {isa = PBXBuildFile; fileRef = E1B2C3D4E5F60718293A4B07 /* ProvocationItem.swift */; };
		E1B2C3D4E5F60718293A4B1B /* ProvocationLoadingView.swift in Sources */ = {isa = PBXBuildFile; fileRef = E1B2C3D4E5F60718293A4B1A /* ProvocationLoadingView.swift */; };
		E1B2C3D4E5F60718293A4B1D /* ProvocationResponseView.swift in Sources */ = {isa = PBXBuildFile; fileRef = E1B2C3D4E5F60718293A4B1C /* ProvocationResponseView.swift */; };
		E9A6B7C8D9E0F12345678901 /* AIUnavailableView.swift in Sources */ = {isa = PBXBuildFile; fileRef = E9A6B7C8D9E0F12345678902 /* AIUnavailableView.swift */; };
		E9A6B7C8D9E0F12345678903 /* AnchorRequest.swift in Sources */ = {isa = PBXBuildFile; fileRef = E9A6B7C8D9E0F12345678904 /* AnchorRequest.swift */; };
		E9A6B7C8D9E0F12345678905 /* KeyPressModifier.swift in Sources */ = {isa = PBXBuildFile; fileRef = E9A6B7C8D9E0F12345678906 /* KeyPressModifier.swift */; };
		F1B2C3D4E5F60718293A4B11 /* NoteItem.swift in Sources */ = {isa = PBXBuildFile; fileRef = F1B2C3D4E5F60718293A4B01 /* NoteItem.swift */; };
		F1B2C3D4E5F60718293A4C11 /* FoundationModelsClient.swift in Sources */ = {isa = PBXBuildFile; fileRef = F1B2C3D4E5F60718293A4C01 /* FoundationModelsClient.swift */; };
		F1B2C3D4E5F60718293A4C12 /* PromptsClient.swift in Sources */ = {isa = PBXBuildFile; fileRef = F1B2C3D4E5F60718293A4C02 /* PromptsClient.swift */; };
		F1B2C3D4E5F60718293A4C13 /* PromptSeeder.swift in Sources */ = {isa = PBXBuildFile; fileRef = F1B2C3D4E5F60718293A4C03 /* PromptSeeder.swift */; };
/* End PBXBuildFile section */

/* Begin PBXFileReference section */
		A1B2C3D4E5F60718293A4B69 /* FreeThoughts.app */ = {isa = PBXFileReference; explicitFileType = wrapper.application; path = FreeThoughts.app; sourceTree = BUILT_PRODUCTS_DIR; };
		A1B2C3D4E5F60718293A4B73 /* FreeThoughtsApp.swift */ = {isa = PBXFileReference; lastKnownFileType = sourcecode.swift; path = FreeThoughtsApp.swift; sourceTree = "<group>"; };
		A1B2C3D4E5F60718293A4B74 /* ContentView.swift */ = {isa = PBXFileReference; lastKnownFileType = sourcecode.swift; path = ContentView.swift; sourceTree = "<group>"; };
		A1B2C3D4E5F60718293A4B75 /* AppFeature.swift */ = {isa = PBXFileReference; lastKnownFileType = sourcecode.swift; path = AppFeature.swift; sourceTree = "<group>"; };
		A1B2C3D4E5F60718293A4B76 /* DocumentFeature.swift */ = {isa = PBXFileReference; lastKnownFileType = sourcecode.swift; path = DocumentFeature.swift; sourceTree = "<group>"; };
		A1B2C3D4E5F60718293A4B77 /* NotesFeature.swift */ = {isa = PBXFileReference; lastKnownFileType = sourcecode.swift; path = NotesFeature.swift; sourceTree = "<group>"; };
		A1B2C3D4E5F60718293A4B78 /* ProvocationFeature.swift */ = {isa = PBXFileReference; lastKnownFileType = sourcecode.swift; path = ProvocationFeature.swift; sourceTree = "<group>"; };
		A1B2C3D4E5F60718293A4B79 /* Note.swift */ = {isa = PBXFileReference; lastKnownFileType = sourcecode.swift; path = Note.swift; sourceTree = "<group>"; };
		A1B2C3D4E5F60718293A4B7A /* Provocation.swift */ = {isa = PBXFileReference; lastKnownFileType = sourcecode.swift; path = Provocation.swift; sourceTree = "<group>"; };
		A1B2C3D4E5F60718293A4B7B /* ProvocationPrompt.swift */ = {isa = PBXFileReference; lastKnownFileType = sourcecode.swift; path = ProvocationPrompt.swift; sourceTree = "<group>"; };
		A1B2C3D4E5F60718293A4B7C /* DataContainer.swift */ = {isa = PBXFileReference; lastKnownFileType = sourcecode.swift; path = DataContainer.swift; sourceTree = "<group>"; };
		B1B2C3D4E5F60718293A4B01 /* Document.swift */ = {isa = PBXFileReference; lastKnownFileType = sourcecode.swift; path = Document.swift; sourceTree = "<group>"; };
		B1B2C3D4E5F60718293A4B02 /* DocumentClient.swift */ = {isa = PBXFileReference; lastKnownFileType = sourcecode.swift; path = DocumentClient.swift; sourceTree = "<group>"; };
		B1B2C3D4E5F60718293A4B03 /* PDFRenderer.swift */ = {isa = PBXFileReference; lastKnownFileType = sourcecode.swift; path = PDFRenderer.swift; sourceTree = "<group>"; };
		B1B2C3D4E5F60718293A4B04 /* MarkdownRenderer.swift */ = {isa = PBXFileReference; lastKnownFileType = sourcecode.swift; path = MarkdownRenderer.swift; sourceTree = "<group>"; };
		B1B2C3D4E5F60718293A4B05 /* PlainTextRenderer.swift */ = {isa = PBXFileReference; lastKnownFileType = sourcecode.swift; path = PlainTextRenderer.swift; sourceTree = "<group>"; };
		B1B2C3D4E5F60718293A4B06 /* DocumentView.swift */ = {isa = PBXFileReference; lastKnownFileType = sourcecode.swift; path = DocumentView.swift; sourceTree = "<group>"; };
		B1B2C3D4E5F60718293A4B07 /* SelectableTextView.swift */ = {isa = PBXFileReference; lastKnownFileType = sourcecode.swift; path = SelectableTextView.swift; sourceTree = "<group>"; };
		C1B2C3D4E5F60718293A4B02 /* StatusBar.swift */ = {isa = PBXFileReference; lastKnownFileType = sourcecode.swift; path = StatusBar.swift; sourceTree = "<group>"; };
		C3B47B232F3EA37800522708 /* Media.xcassets */ = {isa = PBXFileReference; lastKnownFileType = folder.assetcatalog; path = Media.xcassets; sourceTree = "<group>"; };
		C3B47B252F3EA3A700522708 /* AppIcon.icon */ = {isa = PBXFileReference; lastKnownFileType = folder.iconcomposer.icon; path = AppIcon.icon; sourceTree = "<group>"; };
		D1B2C3D4E5F60718293A4B01 /* TextSelection.swift */ = {isa = PBXFileReference; lastKnownFileType = sourcecode.swift; path = TextSelection.swift; sourceTree = "<group>"; };
		D1B2C3D4E5F60718293A4B02 /* SelectionPopover.swift */ = {isa = PBXFileReference; lastKnownFileType = sourcecode.swift; path = SelectionPopover.swift; sourceTree = "<group>"; };
		E1B2C3D4E5F60718293A4B01 /* NotesSidebar.swift */ = {isa = PBXFileReference; lastKnownFileType = sourcecode.swift; path = NotesSidebar.swift; sourceTree = "<group>"; };
		E1B2C3D4E5F60718293A4B02 /* NoteCard.swift */ = {isa = PBXFileReference; lastKnownFileType = sourcecode.swift; path = NoteCard.swift; sourceTree = "<group>"; };
		E1B2C3D4E5F60718293A4B03 /* NoteCreationSheet.swift */ = {isa = PBXFileReference; lastKnownFileType = sourcecode.swift; path = NoteCreationSheet.swift; sourceTree = "<group>"; };
		E1B2C3D4E5F60718293A4B04 /* NotesClient.swift */ = {isa = PBXFileReference; lastKnownFileType = sourcecode.swift; path = NotesClient.swift; sourceTree = "<group>"; };
		E1B2C3D4E5F60718293A4B05 /* DefaultPrompts.json */ = {isa = PBXFileReference; lastKnownFileType = text.json; path = DefaultPrompts.json; sourceTree = "<group>"; };
		E1B2C3D4E5F60718293A4B06 /* ProvocationPromptItem.swift */ = {isa = PBXFileReference; lastKnownFileType = sourcecode.swift; path = ProvocationPromptItem.swift; sourceTree = "<group>"; };
		E1B2C3D4E5F60718293A4B07 /* ProvocationItem.swift */ = {isa = PBXFileReference; lastKnownFileType = sourcecode.swift; path = ProvocationItem.swift; sourceTree = "<group>"; };
		E1B2C3D4E5F60718293A4B1A /* ProvocationLoadingView.swift */ = {isa = PBXFileReference; lastKnownFileType = sourcecode.swift; path = ProvocationLoadingView.swift; sourceTree = "<group>"; };
		E1B2C3D4E5F60718293A4B1C /* ProvocationResponseView.swift */ = {isa = PBXFileReference; lastKnownFileType = sourcecode.swift; path = ProvocationResponseView.swift; sourceTree = "<group>"; };
		E9A6B7C8D9E0F12345678902 /* AIUnavailableView.swift */ = {isa = PBXFileReference; lastKnownFileType = sourcecode.swift; path = AIUnavailableView.swift; sourceTree = "<group>"; };
		E9A6B7C8D9E0F12345678904 /* AnchorRequest.swift */ = {isa = PBXFileReference; lastKnownFileType = sourcecode.swift; path = AnchorRequest.swift; sourceTree = "<group>"; };
		E9A6B7C8D9E0F12345678906 /* KeyPressModifier.swift */ = {isa = PBXFileReference; lastKnownFileType = sourcecode.swift; path = KeyPressModifier.swift; sourceTree = "<group>"; };
		F1B2C3D4E5F60718293A4B01 /* NoteItem.swift */ = {isa = PBXFileReference; lastKnownFileType = sourcecode.swift; path = NoteItem.swift; sourceTree = "<group>"; };
		F1B2C3D4E5F60718293A4C01 /* FoundationModelsClient.swift */ = {isa = PBXFileReference; lastKnownFileType = sourcecode.swift; path = FoundationModelsClient.swift; sourceTree = "<group>"; };
		F1B2C3D4E5F60718293A4C02 /* PromptsClient.swift */ = {isa = PBXFileReference; lastKnownFileType = sourcecode.swift; path = PromptsClient.swift; sourceTree = "<group>"; };
		F1B2C3D4E5F60718293A4C03 /* PromptSeeder.swift */ = {isa = PBXFileReference; lastKnownFileType = sourcecode.swift; path = PromptSeeder.swift; sourceTree = "<group>"; };
/* End PBXFileReference section */

/* Begin PBXFrameworksBuildPhase section */
		A1B2C3D4E5F60718293A4B67 /* Frameworks */ = {
			isa = PBXFrameworksBuildPhase;
			buildActionMask = 2147483647;
			files = (
				A1B2C3D4E5F60718293A4B89 /* ComposableArchitecture in Frameworks */,
			);
			runOnlyForDeploymentPostprocessing = 0;
		};
/* End PBXFrameworksBuildPhase section */

/* Begin PBXGroup section */
		A1B2C3D4E5F60718293A4B5D /* FreeThoughts */ = {
			isa = PBXGroup;
			children = (
				A1B2C3D4E5F60718293A4B6A /* App */,
				A1B2C3D4E5F60718293A4B6B /* Features */,
				A1B2C3D4E5F60718293A4B6F /* Models */,
				A1B2C3D4E5F60718293A4B71 /* Persistence */,
				A1B2C3D4E5F60718293A4B70 /* Renderers */,
				A1B2C3D4E5F60718293A4B72 /* Resources */,
				A1B2C3D4E5F60718293A4B5E /* Products */,
			);
			path = FreeThoughts;
			sourceTree = "<group>";
		};
		A1B2C3D4E5F60718293A4B5E /* Products */ = {
			isa = PBXGroup;
			children = (
				A1B2C3D4E5F60718293A4B69 /* FreeThoughts.app */,
			);
			name = Products;
			sourceTree = "<group>";
		};
		A1B2C3D4E5F60718293A4B6A /* App */ = {
			isa = PBXGroup;
			children = (
				A1B2C3D4E5F60718293A4B73 /* FreeThoughtsApp.swift */,
				A1B2C3D4E5F60718293A4B74 /* ContentView.swift */,
				A1B2C3D4E5F60718293A4B75 /* AppFeature.swift */,
				E9A6B7C8D9E0F12345678906 /* KeyPressModifier.swift */,
			);
			path = App;
			sourceTree = "<group>";
		};
		A1B2C3D4E5F60718293A4B6B /* Features */ = {
			isa = PBXGroup;
			children = (
				A1B2C3D4E5F60718293A4B6C /* Document */,
				A1B2C3D4E5F60718293A4B6D /* Notes */,
				A1B2C3D4E5F60718293A4B6E /* Provocation */,
			);
			path = Features;
			sourceTree = "<group>";
		};
		A1B2C3D4E5F60718293A4B6C /* Document */ = {
			isa = PBXGroup;
			children = (
				A1B2C3D4E5F60718293A4B76 /* DocumentFeature.swift */,
				B1B2C3D4E5F60718293A4B02 /* DocumentClient.swift */,
				B1B2C3D4E5F60718293A4B06 /* DocumentView.swift */,
				D1B2C3D4E5F60718293A4B02 /* SelectionPopover.swift */,
				C1B2C3D4E5F60718293A4B02 /* StatusBar.swift */,
			);
			path = Document;
			sourceTree = "<group>";
		};
		A1B2C3D4E5F60718293A4B6D /* Notes */ = {
			isa = PBXGroup;
			children = (
				A1B2C3D4E5F60718293A4B77 /* NotesFeature.swift */,
				E1B2C3D4E5F60718293A4B04 /* NotesClient.swift */,
				E1B2C3D4E5F60718293A4B01 /* NotesSidebar.swift */,
				E1B2C3D4E5F60718293A4B02 /* NoteCard.swift */,
				E1B2C3D4E5F60718293A4B03 /* NoteCreationSheet.swift */,
			);
			path = Notes;
			sourceTree = "<group>";
		};
		A1B2C3D4E5F60718293A4B6E /* Provocation */ = {
			isa = PBXGroup;
			children = (
				A1B2C3D4E5F60718293A4B78 /* ProvocationFeature.swift */,
				F1B2C3D4E5F60718293A4C01 /* FoundationModelsClient.swift */,
				F1B2C3D4E5F60718293A4C02 /* PromptsClient.swift */,
				F1B2C3D4E5F60718293A4C03 /* PromptSeeder.swift */,
				E1B2C3D4E5F60718293A4B1A /* ProvocationLoadingView.swift */,
				E1B2C3D4E5F60718293A4B1C /* ProvocationResponseView.swift */,
				E9A6B7C8D9E0F12345678902 /* AIUnavailableView.swift */,
			);
			path = Provocation;
			sourceTree = "<group>";
		};
		A1B2C3D4E5F60718293A4B6F /* Models */ = {
			isa = PBXGroup;
			children = (
				B1B2C3D4E5F60718293A4B01 /* Document.swift */,
				F1B2C3D4E5F60718293A4B01 /* NoteItem.swift */,
				A1B2C3D4E5F60718293A4B79 /* Note.swift */,
				A1B2C3D4E5F60718293A4B7A /* Provocation.swift */,
				A1B2C3D4E5F60718293A4B7B /* ProvocationPrompt.swift */,
				E1B2C3D4E5F60718293A4B06 /* ProvocationPromptItem.swift */,
				E1B2C3D4E5F60718293A4B07 /* ProvocationItem.swift */,
				D1B2C3D4E5F60718293A4B01 /* TextSelection.swift */,
				E9A6B7C8D9E0F12345678904 /* AnchorRequest.swift */,
			);
			path = Models;
			sourceTree = "<group>";
		};
		A1B2C3D4E5F60718293A4B70 /* Renderers */ = {
			isa = PBXGroup;
			children = (
				B1B2C3D4E5F60718293A4B04 /* MarkdownRenderer.swift */,
				B1B2C3D4E5F60718293A4B03 /* PDFRenderer.swift */,
				B1B2C3D4E5F60718293A4B05 /* PlainTextRenderer.swift */,
				B1B2C3D4E5F60718293A4B07 /* SelectableTextView.swift */,
			);
			path = Renderers;
			sourceTree = "<group>";
		};
		A1B2C3D4E5F60718293A4B71 /* Persistence */ = {
			isa = PBXGroup;
			children = (
				A1B2C3D4E5F60718293A4B7C /* DataContainer.swift */,
			);
			path = Persistence;
			sourceTree = "<group>";
		};
		A1B2C3D4E5F60718293A4B72 /* Resources */ = {
			isa = PBXGroup;
			children = (
				E1B2C3D4E5F60718293A4B05 /* DefaultPrompts.json */,
				C3B47B232F3EA37800522708 /* Media.xcassets */,
				C3B47B252F3EA3A700522708 /* AppIcon.icon */,
			);
			path = Resources;
			sourceTree = "<group>";
		};
/* End PBXGroup section */

/* Begin PBXNativeTarget section */
		A1B2C3D4E5F60718293A4B5F /* FreeThoughts */ = {
			isa = PBXNativeTarget;
			buildConfigurationList = A1B2C3D4E5F60718293A4B61 /* Build configuration list for PBXNativeTarget "FreeThoughts" */;
			buildPhases = (
				A1B2C3D4E5F60718293A4B66 /* Sources */,
				A1B2C3D4E5F60718293A4B67 /* Frameworks */,
				A1B2C3D4E5F60718293A4B68 /* Resources */,
			);
			buildRules = (
			);
			dependencies = (
			);
			name = FreeThoughts;
			packageProductDependencies = (
				A1B2C3D4E5F60718293A4B88 /* ComposableArchitecture */,
			);
			productName = FreeThoughts;
			productReference = A1B2C3D4E5F60718293A4B69 /* FreeThoughts.app */;
			productType = "com.apple.product-type.application";
		};
/* End PBXNativeTarget section */

/* Begin PBXProject section */
		A1B2C3D4E5F60718293A4B5C /* Project object */ = {
			isa = PBXProject;
			attributes = {
				BuildIndependentTargetsInParallel = 1;
				LastSwiftUpdateCheck = 1520;
				LastUpgradeCheck = 1520;
				TargetAttributes = {
					A1B2C3D4E5F60718293A4B5F = {
						CreatedOnToolsVersion = 15.2;
					};
				};
			};
			buildConfigurationList = A1B2C3D4E5F60718293A4B60 /* Build configuration list for PBXProject "FreeThoughts" */;
			compatibilityVersion = "Xcode 15.3";
			developmentRegion = en;
			hasScannedForEncodings = 0;
			knownRegions = (
				en,
			);
			mainGroup = A1B2C3D4E5F60718293A4B5D /* FreeThoughts */;
			packageReferences = (
				A1B2C3D4E5F60718293A4B87 /* XCRemoteSwiftPackageReference "swift-composable-architecture" */,
			);
			productRefGroup = A1B2C3D4E5F60718293A4B5E /* Products */;
			projectDirPath = "";
			projectRoot = "";
			targets = (
				A1B2C3D4E5F60718293A4B5F /* FreeThoughts */,
			);
		};
/* End PBXProject section */

/* Begin PBXResourcesBuildPhase section */
		A1B2C3D4E5F60718293A4B68 /* Resources */ = {
			isa = PBXResourcesBuildPhase;
			buildActionMask = 2147483647;
			files = (
				C3B47B242F3EA37800522708 /* Media.xcassets in Resources */,
				E1B2C3D4E5F60718293A4B15 /* DefaultPrompts.json in Resources */,
				C3B47B262F3EA3A700522708 /* AppIcon.icon in Resources */,
			);
			runOnlyForDeploymentPostprocessing = 0;
		};
/* End PBXResourcesBuildPhase section */

/* Begin PBXSourcesBuildPhase section */
		A1B2C3D4E5F60718293A4B66 /* Sources */ = {
			isa = PBXSourcesBuildPhase;
			buildActionMask = 2147483647;
			files = (
				A1B2C3D4E5F60718293A4B7D /* FreeThoughtsApp.swift in Sources */,
				A1B2C3D4E5F60718293A4B7E /* ContentView.swift in Sources */,
				A1B2C3D4E5F60718293A4B7F /* AppFeature.swift in Sources */,
				E9A6B7C8D9E0F12345678905 /* KeyPressModifier.swift in Sources */,
				A1B2C3D4E5F60718293A4B80 /* DocumentFeature.swift in Sources */,
				B1B2C3D4E5F60718293A4B12 /* DocumentClient.swift in Sources */,
				B1B2C3D4E5F60718293A4B16 /* DocumentView.swift in Sources */,
				A1B2C3D4E5F60718293A4B81 /* NotesFeature.swift in Sources */,
				A1B2C3D4E5F60718293A4B82 /* ProvocationFeature.swift in Sources */,
				B1B2C3D4E5F60718293A4B11 /* Document.swift in Sources */,
				E9A6B7C8D9E0F12345678903 /* AnchorRequest.swift in Sources */,
				F1B2C3D4E5F60718293A4B11 /* NoteItem.swift in Sources */,
				A1B2C3D4E5F60718293A4B83 /* Note.swift in Sources */,
				A1B2C3D4E5F60718293A4B84 /* Provocation.swift in Sources */,
				A1B2C3D4E5F60718293A4B85 /* ProvocationPrompt.swift in Sources */,
				A1B2C3D4E5F60718293A4B86 /* DataContainer.swift in Sources */,
				B1B2C3D4E5F60718293A4B13 /* PDFRenderer.swift in Sources */,
				B1B2C3D4E5F60718293A4B14 /* MarkdownRenderer.swift in Sources */,
				B1B2C3D4E5F60718293A4B15 /* PlainTextRenderer.swift in Sources */,
				B1B2C3D4E5F60718293A4B17 /* SelectableTextView.swift in Sources */,
				D1B2C3D4E5F60718293A4B11 /* TextSelection.swift in Sources */,
				D1B2C3D4E5F60718293A4B12 /* SelectionPopover.swift in Sources */,
				C1B2C3D4E5F60718293A4B01 /* StatusBar.swift in Sources */,
				E1B2C3D4E5F60718293A4B11 /* NotesSidebar.swift in Sources */,
				E1B2C3D4E5F60718293A4B12 /* NoteCard.swift in Sources */,
				E1B2C3D4E5F60718293A4B13 /* NoteCreationSheet.swift in Sources */,
				E1B2C3D4E5F60718293A4B14 /* NotesClient.swift in Sources */,
				F1B2C3D4E5F60718293A4C11 /* FoundationModelsClient.swift in Sources */,
				F1B2C3D4E5F60718293A4C12 /* PromptsClient.swift in Sources */,
				F1B2C3D4E5F60718293A4C13 /* PromptSeeder.swift in Sources */,
				E1B2C3D4E5F60718293A4B16 /* ProvocationPromptItem.swift in Sources */,
				E1B2C3D4E5F60718293A4B17 /* ProvocationItem.swift in Sources */,
				E1B2C3D4E5F60718293A4B1B /* ProvocationLoadingView.swift in Sources */,
				E1B2C3D4E5F60718293A4B1D /* ProvocationResponseView.swift in Sources */,
				E9A6B7C8D9E0F12345678901 /* AIUnavailableView.swift in Sources */,
			);
			runOnlyForDeploymentPostprocessing = 0;
		};
/* End PBXSourcesBuildPhase section */

/* Begin XCBuildConfiguration section */
		A1B2C3D4E5F60718293A4B62 /* Debug */ = {
			isa = XCBuildConfiguration;
			buildSettings = {
				MACOSX_DEPLOYMENT_TARGET = 15.0;
				SWIFT_VERSION = 5.0;
			};
			name = Debug;
		};
		A1B2C3D4E5F60718293A4B63 /* Release */ = {
			isa = XCBuildConfiguration;
			buildSettings = {
				MACOSX_DEPLOYMENT_TARGET = 15.0;
				SWIFT_VERSION = 5.0;
			};
			name = Release;
		};
		A1B2C3D4E5F60718293A4B64 /* Debug */ = {
			isa = XCBuildConfiguration;
			buildSettings = {
				ASSETCATALOG_COMPILER_APPICON_NAME = AppIcon;
				ASSETCATALOG_COMPILER_INCLUDE_ALL_APPICON_ASSETS = YES;
				AUTOMATION_APPLE_EVENTS = NO;
				"CODE_SIGN_IDENTITY[sdk=macosx*]" = "-";
				CODE_SIGN_STYLE = Automatic;
				CURRENT_PROJECT_VERSION = 1;
				DEVELOPMENT_TEAM = "";
				ENABLE_HARDENED_RUNTIME = YES;
				ENABLE_RESOURCE_ACCESS_AUDIO_INPUT = NO;
				ENABLE_RESOURCE_ACCESS_CALENDARS = NO;
				ENABLE_RESOURCE_ACCESS_CAMERA = NO;
				ENABLE_RESOURCE_ACCESS_CONTACTS = NO;
				ENABLE_RESOURCE_ACCESS_LOCATION = NO;
				ENABLE_RESOURCE_ACCESS_PHOTO_LIBRARY = NO;
				GENERATE_INFOPLIST_FILE = YES;
				INFOPLIST_KEY_CFBundleDisplayName = FreeThoughts;
				INFOPLIST_KEY_LSApplicationCategoryType = "public.app-category.productivity";
				INFOPLIST_KEY_NSHumanReadableCopyright = "";
				LD_RUNPATH_SEARCH_PATHS = (
					"$(inherited)",
					"@executable_path/../Frameworks",
				);
				MACOSX_DEPLOYMENT_TARGET = 26.0;
				MARKETING_VERSION = 1.0;
				PRODUCT_BUNDLE_IDENTIFIER = com.freethoughts.app;
				PRODUCT_NAME = "$(TARGET_NAME)";
				RUNTIME_EXCEPTION_ALLOW_DYLD_ENVIRONMENT_VARIABLES = NO;
				RUNTIME_EXCEPTION_ALLOW_JIT = NO;
				RUNTIME_EXCEPTION_ALLOW_UNSIGNED_EXECUTABLE_MEMORY = NO;
				RUNTIME_EXCEPTION_DEBUGGING_TOOL = NO;
				RUNTIME_EXCEPTION_DISABLE_EXECUTABLE_PAGE_PROTECTION = NO;
				RUNTIME_EXCEPTION_DISABLE_LIBRARY_VALIDATION = NO;
				SWIFT_OPTIMIZATION_LEVEL = "-Onone";
				SWIFT_VERSION = 5.0;
			};
			name = Debug;
		};
		A1B2C3D4E5F60718293A4B65 /* Release */ = {
			isa = XCBuildConfiguration;
			buildSettings = {
				ASSETCATALOG_COMPILER_APPICON_NAME = AppIcon;
				ASSETCATALOG_COMPILER_INCLUDE_ALL_APPICON_ASSETS = YES;
				AUTOMATION_APPLE_EVENTS = NO;
				"CODE_SIGN_IDENTITY[sdk=macosx*]" = "-";
				CODE_SIGN_STYLE = Automatic;
				CURRENT_PROJECT_VERSION = 1;
				DEVELOPMENT_TEAM = "";
				ENABLE_HARDENED_RUNTIME = YES;
				ENABLE_RESOURCE_ACCESS_AUDIO_INPUT = NO;
				ENABLE_RESOURCE_ACCESS_CALENDARS = NO;
				ENABLE_RESOURCE_ACCESS_CAMERA = NO;
				ENABLE_RESOURCE_ACCESS_CONTACTS = NO;
				ENABLE_RESOURCE_ACCESS_LOCATION = NO;
				ENABLE_RESOURCE_ACCESS_PHOTO_LIBRARY = NO;
				GENERATE_INFOPLIST_FILE = YES;
				INFOPLIST_KEY_CFBundleDisplayName = FreeThoughts;
				INFOPLIST_KEY_LSApplicationCategoryType = "public.app-category.productivity";
				INFOPLIST_KEY_NSHumanReadableCopyright = "";
				LD_RUNPATH_SEARCH_PATHS = (
					"$(inherited)",
					"@executable_path/../Frameworks",
				);
				MACOSX_DEPLOYMENT_TARGET = 26.0;
				MARKETING_VERSION = 1.0;
				PRODUCT_BUNDLE_IDENTIFIER = com.freethoughts.app;
				PRODUCT_NAME = "$(TARGET_NAME)";
				RUNTIME_EXCEPTION_ALLOW_DYLD_ENVIRONMENT_VARIABLES = NO;
				RUNTIME_EXCEPTION_ALLOW_JIT = NO;
				RUNTIME_EXCEPTION_ALLOW_UNSIGNED_EXECUTABLE_MEMORY = NO;
				RUNTIME_EXCEPTION_DEBUGGING_TOOL = NO;
				RUNTIME_EXCEPTION_DISABLE_EXECUTABLE_PAGE_PROTECTION = NO;
				RUNTIME_EXCEPTION_DISABLE_LIBRARY_VALIDATION = NO;
				SWIFT_VERSION = 5.0;
			};
			name = Release;
		};
/* End XCBuildConfiguration section */

/* Begin XCConfigurationList section */
		A1B2C3D4E5F60718293A4B60 /* Build configuration list for PBXProject "FreeThoughts" */ = {
			isa = XCConfigurationList;
			buildConfigurations = (
				A1B2C3D4E5F60718293A4B62 /* Debug */,
				A1B2C3D4E5F60718293A4B63 /* Release */,
			);
			defaultConfigurationIsVisible = 0;
			defaultConfigurationName = Release;
		};
		A1B2C3D4E5F60718293A4B61 /* Build configuration list for PBXNativeTarget "FreeThoughts" */ = {
			isa = XCConfigurationList;
			buildConfigurations = (
				A1B2C3D4E5F60718293A4B64 /* Debug */,
				A1B2C3D4E5F60718293A4B65 /* Release */,
			);
			defaultConfigurationIsVisible = 0;
			defaultConfigurationName = Release;
		};
/* End XCConfigurationList section */

/* Begin XCRemoteSwiftPackageReference section */
		A1B2C3D4E5F60718293A4B87 /* XCRemoteSwiftPackageReference "swift-composable-architecture" */ = {
			isa = XCRemoteSwiftPackageReference;
			repositoryURL = "https://github.com/pointfreeco/swift-composable-architecture";
			requirement = {
				kind = upToNextMajorVersion;
				minimumVersion = 1.15.0;
			};
		};
/* End XCRemoteSwiftPackageReference section */

/* Begin XCSwiftPackageProductDependency section */
		A1B2C3D4E5F60718293A4B88 /* ComposableArchitecture */ = {
			isa = XCSwiftPackageProductDependency;
			package = A1B2C3D4E5F60718293A4B87 /* XCRemoteSwiftPackageReference "swift-composable-architecture" */;
			productName = ComposableArchitecture;
		};
/* End XCSwiftPackageProductDependency section */
	};
	rootObject = A1B2C3D4E5F60718293A4B5C /* Project object */;
}
